
Microsoft Visual Studio Solution File, Format Version 12.00
Project("{FAE04EC0-301F-11D3-BF4B-00C04F79EFBC}") = "Spritter", "src\Spritter\Spritter.csproj", "{1069E0CB-6377-4EC6-A0C2-825708AA771C}"
EndProject
Global
	GlobalSection(SolutionConfigurationPlatforms) = preSolution
		Debug|Any CPU = Debug|Any CPU
		Release|Any CPU = Release|Any CPU
	EndGlobalSection
	GlobalSection(ProjectConfigurationPlatforms) = postSolution
		{1069E0CB-6377-4EC6-A0C2-825708AA771C}.Debug|Any CPU.ActiveCfg = Debug|Any CPU
		{1069E0CB-6377-4EC6-A0C2-825708AA771C}.Debug|Any CPU.Build.0 = Debug|Any CPU
		{1069E0CB-6377-4EC6-A0C2-825708AA771C}.Release|Any CPU.ActiveCfg = Release|Any CPU
		{1069E0CB-6377-4EC6-A0C2-825708AA771C}.Release|Any CPU.Build.0 = Release|Any CPU
	EndGlobalSection
EndGlobal
